// !$*UTF8*$!
{
	archiveVersion = 1;
	classes = {
	};
	objectVersion = 56;
	objects = {

/* Begin PBXBuildFile section */
		B63F42342B8DF18700AF3270 /* HomeView.swift in Sources */ = {isa = PBXBuildFile; fileRef = B63F42332B8DF18700AF3270 /* HomeView.swift */; };
		B657F2DA2B8C57820075DC5D /* CTQuizMasterApp.swift in Sources */ = {isa = PBXBuildFile; fileRef = B657F2D92B8C57820075DC5D /* CTQuizMasterApp.swift */; };
		B657F2DC2B8C57820075DC5D /* QuizView.swift in Sources */ = {isa = PBXBuildFile; fileRef = B657F2DB2B8C57820075DC5D /* QuizView.swift */; };
		B657F2DE2B8C57830075DC5D /* Assets.xcassets in Resources */ = {isa = PBXBuildFile; fileRef = B657F2DD2B8C57830075DC5D /* Assets.xcassets */; };
		B657F2E12B8C57830075DC5D /* Preview Assets.xcassets in Resources */ = {isa = PBXBuildFile; fileRef = B657F2E02B8C57830075DC5D /* Preview Assets.xcassets */; };
		B657F2ED2B8C5E4C0075DC5D /* QuizViewModel.swift in Sources */ = {isa = PBXBuildFile; fileRef = B657F2EC2B8C5E4C0075DC5D /* QuizViewModel.swift */; };
		B657F2EF2B8C61010075DC5D /* QuizService.swift in Sources */ = {isa = PBXBuildFile; fileRef = B657F2EE2B8C61010075DC5D /* QuizService.swift */; };
		B657F2F12B8C7A360075DC5D /* QuizModel.swift in Sources */ = {isa = PBXBuildFile; fileRef = B657F2F02B8C7A360075DC5D /* QuizModel.swift */; };
/* End PBXBuildFile section */

/* Begin PBXFileReference section */
		B63F42332B8DF18700AF3270 /* HomeView.swift */ = {isa = PBXFileReference; lastKnownFileType = sourcecode.swift; path = HomeView.swift; sourceTree = "<group>"; };
		B657F2D62B8C57820075DC5D /* CTQuizMaster.app */ = {isa = PBXFileReference; explicitFileType = wrapper.application; includeInIndex = 0; path = CTQuizMaster.app; sourceTree = BUILT_PRODUCTS_DIR; };
		B657F2D92B8C57820075DC5D /* CTQuizMasterApp.swift */ = {isa = PBXFileReference; lastKnownFileType = sourcecode.swift; path = CTQuizMasterApp.swift; sourceTree = "<group>"; };
		B657F2DB2B8C57820075DC5D /* QuizView.swift */ = {isa = PBXFileReference; lastKnownFileType = sourcecode.swift; path = QuizView.swift; sourceTree = "<group>"; };
		B657F2DD2B8C57830075DC5D /* Assets.xcassets */ = {isa = PBXFileReference; lastKnownFileType = folder.assetcatalog; path = Assets.xcassets; sourceTree = "<group>"; };
		B657F2E02B8C57830075DC5D /* Preview Assets.xcassets */ = {isa = PBXFileReference; lastKnownFileType = folder.assetcatalog; path = "Preview Assets.xcassets"; sourceTree = "<group>"; };
		B657F2EC2B8C5E4C0075DC5D /* QuizViewModel.swift */ = {isa = PBXFileReference; lastKnownFileType = sourcecode.swift; path = QuizViewModel.swift; sourceTree = "<group>"; };
		B657F2EE2B8C61010075DC5D /* QuizService.swift */ = {isa = PBXFileReference; lastKnownFileType = sourcecode.swift; path = QuizService.swift; sourceTree = "<group>"; };
		B657F2F02B8C7A360075DC5D /* QuizModel.swift */ = {isa = PBXFileReference; lastKnownFileType = sourcecode.swift; path = QuizModel.swift; sourceTree = "<group>"; };
/* End PBXFileReference section */

/* Begin PBXFrameworksBuildPhase section */
		B657F2D32B8C57820075DC5D /* Frameworks */ = {
			isa = PBXFrameworksBuildPhase;
			buildActionMask = 2147483647;
			files = (
			);
			runOnlyForDeploymentPostprocessing = 0;
		};
/* End PBXFrameworksBuildPhase section */

/* Begin PBXGroup section */
		B657F2CD2B8C57820075DC5D = {
			isa = PBXGroup;
			children = (
				B657F2D82B8C57820075DC5D /* CTQuizMaster */,
				B657F2D72B8C57820075DC5D /* Products */,
			);
			sourceTree = "<group>";
		};
		B657F2D72B8C57820075DC5D /* Products */ = {
			isa = PBXGroup;
			children = (
				B657F2D62B8C57820075DC5D /* CTQuizMaster.app */,
			);
			name = Products;
			sourceTree = "<group>";
		};
		B657F2D82B8C57820075DC5D /* CTQuizMaster */ = {
			isa = PBXGroup;
			children = (
				B657F2D92B8C57820075DC5D /* CTQuizMasterApp.swift */,
				B657F2E92B8C5D2F0075DC5D /* Core */,
				B657F2E82B8C5A020075DC5D /* Services */,
				B657F2E72B8C59EF0075DC5D /* Models */,
				B657F2DD2B8C57830075DC5D /* Assets.xcassets */,
				B657F2DF2B8C57830075DC5D /* Preview Content */,
			);
			path = CTQuizMaster;
			sourceTree = "<group>";
		};
		B657F2DF2B8C57830075DC5D /* Preview Content */ = {
			isa = PBXGroup;
			children = (
				B657F2E02B8C57830075DC5D /* Preview Assets.xcassets */,
			);
			path = "Preview Content";
			sourceTree = "<group>";
		};
		B657F2E72B8C59EF0075DC5D /* Models */ = {
			isa = PBXGroup;
			children = (
				B657F2F02B8C7A360075DC5D /* QuizModel.swift */,
			);
			path = Models;
			sourceTree = "<group>";
		};
		B657F2E82B8C5A020075DC5D /* Services */ = {
			isa = PBXGroup;
			children = (
				B657F2EE2B8C61010075DC5D /* QuizService.swift */,
			);
			path = Services;
			sourceTree = "<group>";
		};
		B657F2E92B8C5D2F0075DC5D /* Core */ = {
			isa = PBXGroup;
			children = (
				B657F2EB2B8C5E310075DC5D /* ViewModels */,
				B657F2EA2B8C5D480075DC5D /* Views */,
			);
			path = Core;
			sourceTree = "<group>";
		};
		B657F2EA2B8C5D480075DC5D /* Views */ = {
			isa = PBXGroup;
			children = (
				B657F2DB2B8C57820075DC5D /* QuizView.swift */,
				B63F42332B8DF18700AF3270 /* HomeView.swift */,
			);
			path = Views;
			sourceTree = "<group>";
		};
		B657F2EB2B8C5E310075DC5D /* ViewModels */ = {
			isa = PBXGroup;
			children = (
				B657F2EC2B8C5E4C0075DC5D /* QuizViewModel.swift */,
			);
			path = ViewModels;
			sourceTree = "<group>";
		};
/* End PBXGroup section */

/* Begin PBXNativeTarget section */
		B657F2D52B8C57820075DC5D /* CTQuizMaster */ = {
			isa = PBXNativeTarget;
			buildConfigurationList = B657F2E42B8C57830075DC5D /* Build configuration list for PBXNativeTarget "CTQuizMaster" */;
			buildPhases = (
				B657F2D22B8C57820075DC5D /* Sources */,
				B657F2D32B8C57820075DC5D /* Frameworks */,
				B657F2D42B8C57820075DC5D /* Resources */,
			);
			buildRules = (
			);
			dependencies = (
			);
			name = CTQuizMaster;
			productName = CTQuizMaster;
			productReference = B657F2D62B8C57820075DC5D /* CTQuizMaster.app */;
			productType = "com.apple.product-type.application";
		};
/* End PBXNativeTarget section */

/* Begin PBXProject section */
		B657F2CE2B8C57820075DC5D /* Project object */ = {
			isa = PBXProject;
			attributes = {
				BuildIndependentTargetsInParallel = 1;
				LastSwiftUpdateCheck = 1520;
				LastUpgradeCheck = 1520;
				TargetAttributes = {
					B657F2D52B8C57820075DC5D = {
						CreatedOnToolsVersion = 15.2;
					};
				};
			};
			buildConfigurationList = B657F2D12B8C57820075DC5D /* Build configuration list for PBXProject "CTQuizMaster" */;
			compatibilityVersion = "Xcode 14.0";
			developmentRegion = en;
			hasScannedForEncodings = 0;
			knownRegions = (
				en,
				Base,
			);
			mainGroup = B657F2CD2B8C57820075DC5D;
			productRefGroup = B657F2D72B8C57820075DC5D /* Products */;
			projectDirPath = "";
			projectRoot = "";
			targets = (
				B657F2D52B8C57820075DC5D /* CTQuizMaster */,
			);
		};
/* End PBXProject section */

/* Begin PBXResourcesBuildPhase section */
		B657F2D42B8C57820075DC5D /* Resources */ = {
			isa = PBXResourcesBuildPhase;
			buildActionMask = 2147483647;
			files = (
				B657F2E12B8C57830075DC5D /* Preview Assets.xcassets in Resources */,
				B657F2DE2B8C57830075DC5D /* Assets.xcassets in Resources */,
			);
			runOnlyForDeploymentPostprocessing = 0;
		};
/* End PBXResourcesBuildPhase section */

/* Begin PBXSourcesBuildPhase section */
		B657F2D22B8C57820075DC5D /* Sources */ = {
			isa = PBXSourcesBuildPhase;
			buildActionMask = 2147483647;
			files = (
				B657F2F12B8C7A360075DC5D /* QuizModel.swift in Sources */,
				B657F2ED2B8C5E4C0075DC5D /* QuizViewModel.swift in Sources */,
				B63F42342B8DF18700AF3270 /* HomeView.swift in Sources */,
				B657F2DC2B8C57820075DC5D /* QuizView.swift in Sources */,
				B657F2EF2B8C61010075DC5D /* QuizService.swift in Sources */,
				B657F2DA2B8C57820075DC5D /* CTQuizMasterApp.swift in Sources */,
			);
			runOnlyForDeploymentPostprocessing = 0;
		};
/* End PBXSourcesBuildPhase section */

/* Begin XCBuildConfiguration section */
		B657F2E22B8C57830075DC5D /* Debug */ = {
			isa = XCBuildConfiguration;
			buildSettings = {
				ALWAYS_SEARCH_USER_PATHS = NO;
				ASSETCATALOG_COMPILER_GENERATE_SWIFT_ASSET_SYMBOL_EXTENSIONS = YES;
				CLANG_ANALYZER_NONNULL = YES;
				CLANG_ANALYZER_NUMBER_OBJECT_CONVERSION = YES_AGGRESSIVE;
				CLANG_CXX_LANGUAGE_STANDARD = "gnu++20";
				CLANG_ENABLE_MODULES = YES;
				CLANG_ENABLE_OBJC_ARC = YES;
				CLANG_ENABLE_OBJC_WEAK = YES;
				CLANG_WARN_BLOCK_CAPTURE_AUTORELEASING = YES;
				CLANG_WARN_BOOL_CONVERSION = YES;
				CLANG_WARN_COMMA = YES;
				CLANG_WARN_CONSTANT_CONVERSION = YES;
				CLANG_WARN_DEPRECATED_OBJC_IMPLEMENTATIONS = YES;
				CLANG_WARN_DIRECT_OBJC_ISA_USAGE = YES_ERROR;
				CLANG_WARN_DOCUMENTATION_COMMENTS = YES;
				CLANG_WARN_EMPTY_BODY = YES;
				CLANG_WARN_ENUM_CONVERSION = YES;
				CLANG_WARN_INFINITE_RECURSION = YES;
				CLANG_WARN_INT_CONVERSION = YES;
				CLANG_WARN_NON_LITERAL_NULL_CONVERSION = YES;
				CLANG_WARN_OBJC_IMPLICIT_RETAIN_SELF = YES;
				CLANG_WARN_OBJC_LITERAL_CONVERSION = YES;
				CLANG_WARN_OBJC_ROOT_CLASS = YES_ERROR;
				CLANG_WARN_QUOTED_INCLUDE_IN_FRAMEWORK_HEADER = YES;
				CLANG_WARN_RANGE_LOOP_ANALYSIS = YES;
				CLANG_WARN_STRICT_PROTOTYPES = YES;
				CLANG_WARN_SUSPICIOUS_MOVE = YES;
				CLANG_WARN_UNGUARDED_AVAILABILITY = YES_AGGRESSIVE;
				CLANG_WARN_UNREACHABLE_CODE = YES;
				CLANG_WARN__DUPLICATE_METHOD_MATCH = YES;
				COPY_PHASE_STRIP = NO;
				DEBUG_INFORMATION_FORMAT = dwarf;
				ENABLE_STRICT_OBJC_MSGSEND = YES;
				ENABLE_TESTABILITY = YES;
				ENABLE_USER_SCRIPT_SANDBOXING = YES;
				GCC_C_LANGUAGE_STANDARD = gnu17;
				GCC_DYNAMIC_NO_PIC = NO;
				GCC_NO_COMMON_BLOCKS = YES;
				GCC_OPTIMIZATION_LEVEL = 0;
				GCC_PREPROCESSOR_DEFINITIONS = (
					"DEBUG=1",
					"$(inherited)",
				);
				GCC_WARN_64_TO_32_BIT_CONVERSION = YES;
				GCC_WARN_ABOUT_RETURN_TYPE = YES_ERROR;
				GCC_WARN_UNDECLARED_SELECTOR = YES;
				GCC_WARN_UNINITIALIZED_AUTOS = YES_AGGRESSIVE;
				GCC_WARN_UNUSED_FUNCTION = YES;
				GCC_WARN_UNUSED_VARIABLE = YES;
				IPHONEOS_DEPLOYMENT_TARGET = 17.2;
				LOCALIZATION_PREFERS_STRING_CATALOGS = YES;
				MTL_ENABLE_DEBUG_INFO = INCLUDE_SOURCE;
				MTL_FAST_MATH = YES;
				ONLY_ACTIVE_ARCH = YES;
				SDKROOT = iphoneos;
				SWIFT_ACTIVE_COMPILATION_CONDITIONS = "DEBUG $(inherited)";
				SWIFT_OPTIMIZATION_LEVEL = "-Onone";
			};
			name = Debug;
		};
		B657F2E32B8C57830075DC5D /* Release */ = {
			isa = XCBuildConfiguration;
			buildSettings = {
				ALWAYS_SEARCH_USER_PATHS = NO;
				ASSETCATALOG_COMPILER_GENERATE_SWIFT_ASSET_SYMBOL_EXTENSIONS = YES;
				CLANG_ANALYZER_NONNULL = YES;
				CLANG_ANALYZER_NUMBER_OBJECT_CONVERSION = YES_AGGRESSIVE;
				CLANG_CXX_LANGUAGE_STANDARD = "gnu++20";
				CLANG_ENABLE_MODULES = YES;
				CLANG_ENABLE_OBJC_ARC = YES;
				CLANG_ENABLE_OBJC_WEAK = YES;
				CLANG_WARN_BLOCK_CAPTURE_AUTORELEASING = YES;
				CLANG_WARN_BOOL_CONVERSION = YES;
				CLANG_WARN_COMMA = YES;
				CLANG_WARN_CONSTANT_CONVERSION = YES;
				CLANG_WARN_DEPRECATED_OBJC_IMPLEMENTATIONS = YES;
				CLANG_WARN_DIRECT_OBJC_ISA_USAGE = YES_ERROR;
				CLANG_WARN_DOCUMENTATION_COMMENTS = YES;
				CLANG_WARN_EMPTY_BODY = YES;
				CLANG_WARN_ENUM_CONVERSION = YES;
				CLANG_WARN_INFINITE_RECURSION = YES;
				CLANG_WARN_INT_CONVERSION = YES;
				CLANG_WARN_NON_LITERAL_NULL_CONVERSION = YES;
				CLANG_WARN_OBJC_IMPLICIT_RETAIN_SELF = YES;
				CLANG_WARN_OBJC_LITERAL_CONVERSION = YES;
				CLANG_WARN_OBJC_ROOT_CLASS = YES_ERROR;
				CLANG_WARN_QUOTED_INCLUDE_IN_FRAMEWORK_HEADER = YES;
				CLANG_WARN_RANGE_LOOP_ANALYSIS = YES;
				CLANG_WARN_STRICT_PROTOTYPES = YES;
				CLANG_WARN_SUSPICIOUS_MOVE = YES;
				CLANG_WARN_UNGUARDED_AVAILABILITY = YES_AGGRESSIVE;
				CLANG_WARN_UNREACHABLE_CODE = YES;
				CLANG_WARN__DUPLICATE_METHOD_MATCH = YES;
				COPY_PHASE_STRIP = NO;
				DEBUG_INFORMATION_FORMAT = "dwarf-with-dsym";
				ENABLE_NS_ASSERTIONS = NO;
				ENABLE_STRICT_OBJC_MSGSEND = YES;
				ENABLE_USER_SCRIPT_SANDBOXING = YES;
				GCC_C_LANGUAGE_STANDARD = gnu17;
				GCC_NO_COMMON_BLOCKS = YES;
				GCC_WARN_64_TO_32_BIT_CONVERSION = YES;
				GCC_WARN_ABOUT_RETURN_TYPE = YES_ERROR;
				GCC_WARN_UNDECLARED_SELECTOR = YES;
				GCC_WARN_UNINITIALIZED_AUTOS = YES_AGGRESSIVE;
				GCC_WARN_UNUSED_FUNCTION = YES;
				GCC_WARN_UNUSED_VARIABLE = YES;
				IPHONEOS_DEPLOYMENT_TARGET = 17.2;
				LOCALIZATION_PREFERS_STRING_CATALOGS = YES;
				MTL_ENABLE_DEBUG_INFO = NO;
				MTL_FAST_MATH = YES;
				SDKROOT = iphoneos;
				SWIFT_COMPILATION_MODE = wholemodule;
				VALIDATE_PRODUCT = YES;
			};
			name = Release;
		};
		B657F2E52B8C57830075DC5D /* Debug */ = {
			isa = XCBuildConfiguration;
			buildSettings = {
				ASSETCATALOG_COMPILER_APPICON_NAME = AppIcon;
				ASSETCATALOG_COMPILER_GLOBAL_ACCENT_COLOR_NAME = AccentColor;
				CODE_SIGN_STYLE = Automatic;
				CURRENT_PROJECT_VERSION = 1;
				DEVELOPMENT_ASSET_PATHS = "\"CTQuizMaster/Preview Content\"";
				DEVELOPMENT_TEAM = 3D5H55Z4KP;
				ENABLE_PREVIEWS = YES;
				GENERATE_INFOPLIST_FILE = YES;
				INFOPLIST_KEY_UIApplicationSceneManifest_Generation = YES;
				INFOPLIST_KEY_UIApplicationSupportsIndirectInputEvents = YES;
				INFOPLIST_KEY_UILaunchScreen_Generation = YES;
				INFOPLIST_KEY_UISupportedInterfaceOrientations_iPad = "UIInterfaceOrientationPortrait UIInterfaceOrientationPortraitUpsideDown UIInterfaceOrientationLandscapeLeft UIInterfaceOrientationLandscapeRight";
				INFOPLIST_KEY_UISupportedInterfaceOrientations_iPhone = "UIInterfaceOrientationPortrait UIInterfaceOrientationLandscapeLeft UIInterfaceOrientationLandscapeRight";
				IPHONEOS_DEPLOYMENT_TARGET = 16.0;
				LD_RUNPATH_SEARCH_PATHS = (
					"$(inherited)",
					"@executable_path/Frameworks",
				);
				MARKETING_VERSION = 1.0;
				PRODUCT_BUNDLE_IDENTIFIER = com.zachary.CTQuizMaster;
				PRODUCT_NAME = "$(TARGET_NAME)";
				SWIFT_EMIT_LOC_STRINGS = YES;
				SWIFT_VERSION = 5.0;
				TARGETED_DEVICE_FAMILY = "1,2";
			};
			name = Debug;
		};
		B657F2E62B8C57830075DC5D /* Release */ = {
			isa = XCBuildConfiguration;
			buildSettings = {
				ASSETCATALOG_COMPILER_APPICON_NAME = AppIcon;
				ASSETCATALOG_COMPILER_GLOBAL_ACCENT_COLOR_NAME = AccentColor;
				CODE_SIGN_STYLE = Automatic;
				CURRENT_PROJECT_VERSION = 1;
				DEVELOPMENT_ASSET_PATHS = "\"CTQuizMaster/Preview Content\"";
				DEVELOPMENT_TEAM = 3D5H55Z4KP;
				ENABLE_PREVIEWS = YES;
				GENERATE_INFOPLIST_FILE = YES;
				INFOPLIST_KEY_UIApplicationSceneManifest_Generation = YES;
				INFOPLIST_KEY_UIApplicationSupportsIndirectInputEvents = YES;
				INFOPLIST_KEY_UILaunchScreen_Generation = YES;
				INFOPLIST_KEY_UISupportedInterfaceOrientations_iPad = "UIInterfaceOrientationPortrait UIInterfaceOrientationPortraitUpsideDown UIInterfaceOrientationLandscapeLeft UIInterfaceOrientationLandscapeRight";
				INFOPLIST_KEY_UISupportedInterfaceOrientations_iPhone = "UIInterfaceOrientationPortrait UIInterfaceOrientationLandscapeLeft UIInterfaceOrientationLandscapeRight";
				IPHONEOS_DEPLOYMENT_TARGET = 16.0;
				LD_RUNPATH_SEARCH_PATHS = (
					"$(inherited)",
					"@executable_path/Frameworks",
				);
				MARKETING_VERSION = 1.0;
				PRODUCT_BUNDLE_IDENTIFIER = com.zachary.CTQuizMaster;
				PRODUCT_NAME = "$(TARGET_NAME)";
				SWIFT_EMIT_LOC_STRINGS = YES;
				SWIFT_VERSION = 5.0;
				TARGETED_DEVICE_FAMILY = "1,2";
			};
			name = Release;
		};
/* End XCBuildConfiguration section */

/* Begin XCConfigurationList section */
		B657F2D12B8C57820075DC5D /* Build configuration list for PBXProject "CTQuizMaster" */ = {
			isa = XCConfigurationList;
			buildConfigurations = (
				B657F2E22B8C57830075DC5D /* Debug */,
				B657F2E32B8C57830075DC5D /* Release */,
			);
			defaultConfigurationIsVisible = 0;
			defaultConfigurationName = Release;
		};
		B657F2E42B8C57830075DC5D /* Build configuration list for PBXNativeTarget "CTQuizMaster" */ = {
			isa = XCConfigurationList;
			buildConfigurations = (
				B657F2E52B8C57830075DC5D /* Debug */,
				B657F2E62B8C57830075DC5D /* Release */,
			);
			defaultConfigurationIsVisible = 0;
			defaultConfigurationName = Release;
		};
/* End XCConfigurationList section */
	};
	rootObject = B657F2CE2B8C57820075DC5D /* Project object */;
}
